
Microsoft Visual Studio Solution File, Format Version 12.00
# Visual Studio Version 17
VisualStudioVersion = 17.2.32602.215
MinimumVisualStudioVersion = 10.0.40219.1
Project("{FAE04EC0-301F-11D3-BF4B-00C04F79EFBC}") = "ProductManager", "ProductManager\ProductManager.csproj", "{B6E974DF-512E-47BC-A5CB-58D296DA97D9}"
EndProject
Project("{FAE04EC0-301F-11D3-BF4B-00C04F79EFBC}") = "ProductManager.IntegrationTests", "ProductManager.IntegrationTests\ProductManager.IntegrationTests.csproj", "{9FBC0C0A-058E-4361-9E05-3C06BC146FB4}"
EndProject
Global
	GlobalSection(SolutionConfigurationPlatforms) = preSolution
		Debug|Any CPU = Debug|Any CPU
		Release|Any CPU = Release|Any CPU
	EndGlobalSection
	GlobalSection(ProjectConfigurationPlatforms) = postSolution
		{B6E974DF-512E-47BC-A5CB-58D296DA97D9}.Debug|Any CPU.ActiveCfg = Debug|Any CPU
		{B6E974DF-512E-47BC-A5CB-58D296DA97D9}.Debug|Any CPU.Build.0 = Debug|Any CPU
		{B6E974DF-512E-47BC-A5CB-58D296DA97D9}.Release|Any CPU.ActiveCfg = Release|Any CPU
		{B6E974DF-512E-47BC-A5CB-58D296DA97D9}.Release|Any CPU.Build.0 = Release|Any CPU
		{9FBC0C0A-058E-4361-9E05-3C06BC146FB4}.Debug|Any CPU.ActiveCfg = Debug|Any CPU
		{9FBC0C0A-058E-4361-9E05-3C06BC146FB4}.Debug|Any CPU.Build.0 = Debug|Any CPU
		{9FBC0C0A-058E-4361-9E05-3C06BC146FB4}.Release|Any CPU.ActiveCfg = Release|Any CPU
		{9FBC0C0A-058E-4361-9E05-3C06BC146FB4}.Release|Any CPU.Build.0 = Release|Any CPU
	EndGlobalSection
	GlobalSection(SolutionProperties) = preSolution
		HideSolutionNode = FALSE
	EndGlobalSection
	GlobalSection(ExtensibilityGlobals) = postSolution
		SolutionGuid = {47489296-8ADA-4A80-8477-0000AFF71CED}
	EndGlobalSection
EndGlobal
